
Microsoft Visual Studio Solution File, Format Version 12.00
# Visual Studio Version 17
VisualStudioVersion = 17.10.34916.146
MinimumVisualStudioVersion = 10.0.40219.1
Project("{FAE04EC0-301F-11D3-BF4B-00C04F79EFBC}") = "Ispit.API", "Ispit.API\Ispit.API.csproj", "{BA4BB587-65F8-4969-97B0-D4856D5BFF4D}"
EndProject
Global
	GlobalSection(SolutionConfigurationPlatforms) = preSolution
		Debug|Any CPU = Debug|Any CPU
		Release|Any CPU = Release|Any CPU
	EndGlobalSection
	GlobalSection(ProjectConfigurationPlatforms) = postSolution
		{BA4BB587-65F8-4969-97B0-D4856D5BFF4D}.Debug|Any CPU.ActiveCfg = Debug|Any CPU
		{BA4BB587-65F8-4969-97B0-D4856D5BFF4D}.Debug|Any CPU.Build.0 = Debug|Any CPU
		{BA4BB587-65F8-4969-97B0-D4856D5BFF4D}.Release|Any CPU.ActiveCfg = Release|Any CPU
		{BA4BB587-65F8-4969-97B0-D4856D5BFF4D}.Release|Any CPU.Build.0 = Release|Any CPU
	EndGlobalSection
	GlobalSection(SolutionProperties) = preSolution
		HideSolutionNode = FALSE
	EndGlobalSection
	GlobalSection(ExtensibilityGlobals) = postSolution
		SolutionGuid = {2194F370-5F77-46DE-B620-FDC1FC2A0B5A}
	EndGlobalSection
EndGlobal
